// !$*UTF8*$!
{
	archiveVersion = 1;
	classes = {
	};
	objectVersion = 46;
	objects = {

/* Begin PBXBuildFile section */
		4D0A71BF1ECAE071000AF7B9 /* AppDelegate.swift in Sources */ = {isa = PBXBuildFile; fileRef = 4D0A71BE1ECAE071000AF7B9 /* AppDelegate.swift */; };
		4D0A71C11ECAE071000AF7B9 /* ViewController.swift in Sources */ = {isa = PBXBuildFile; fileRef = 4D0A71C01ECAE071000AF7B9 /* ViewController.swift */; };
		4D0A71C41ECAE071000AF7B9 /* Main.storyboard in Resources */ = {isa = PBXBuildFile; fileRef = 4D0A71C21ECAE071000AF7B9 /* Main.storyboard */; };
		4D0A71C61ECAE071000AF7B9 /* Assets.xcassets in Resources */ = {isa = PBXBuildFile; fileRef = 4D0A71C51ECAE071000AF7B9 /* Assets.xcassets */; };
		4D0A71C91ECAE071000AF7B9 /* LaunchScreen.storyboard in Resources */ = {isa = PBXBuildFile; fileRef = 4D0A71C71ECAE071000AF7B9 /* LaunchScreen.storyboard */; };
		4D0D8C901FB55617009CC46C /* InspisCreateController.swift in Sources */ = {isa = PBXBuildFile; fileRef = 4D0D8C8F1FB55617009CC46C /* InspisCreateController.swift */; };
		4D0D8C921FB5562D009CC46C /* InspisShowController.swift in Sources */ = {isa = PBXBuildFile; fileRef = 4D0D8C911FB5562D009CC46C /* InspisShowController.swift */; };
		94E47D6C4F8091D727ABB837 /* Pods_FRUS.framework in Frameworks */ = {isa = PBXBuildFile; fileRef = DFB71139347EB624C5E05D77 /* Pods_FRUS.framework */; };
/* End PBXBuildFile section */

/* Begin PBXFileReference section */
		4D0A71BB1ECAE071000AF7B9 /* FRUS.app */ = {isa = PBXFileReference; explicitFileType = wrapper.application; includeInIndex = 0; path = FRUS.app; sourceTree = BUILT_PRODUCTS_DIR; };
		4D0A71BE1ECAE071000AF7B9 /* AppDelegate.swift */ = {isa = PBXFileReference; lastKnownFileType = sourcecode.swift; path = AppDelegate.swift; sourceTree = "<group>"; };
		4D0A71C01ECAE071000AF7B9 /* ViewController.swift */ = {isa = PBXFileReference; lastKnownFileType = sourcecode.swift; path = ViewController.swift; sourceTree = "<group>"; };
		4D0A71C31ECAE071000AF7B9 /* Base */ = {isa = PBXFileReference; lastKnownFileType = file.storyboard; name = Base; path = Base.lproj/Main.storyboard; sourceTree = "<group>"; };
		4D0A71C51ECAE071000AF7B9 /* Assets.xcassets */ = {isa = PBXFileReference; lastKnownFileType = folder.assetcatalog; path = Assets.xcassets; sourceTree = "<group>"; };
		4D0A71C81ECAE071000AF7B9 /* Base */ = {isa = PBXFileReference; lastKnownFileType = file.storyboard; name = Base; path = Base.lproj/LaunchScreen.storyboard; sourceTree = "<group>"; };
		4D0A71CA1ECAE071000AF7B9 /* Info.plist */ = {isa = PBXFileReference; lastKnownFileType = text.plist.xml; path = Info.plist; sourceTree = "<group>"; };
		4D0D8C8F1FB55617009CC46C /* InspisCreateController.swift */ = {isa = PBXFileReference; lastKnownFileType = sourcecode.swift; path = InspisCreateController.swift; sourceTree = "<group>"; };
		4D0D8C911FB5562D009CC46C /* InspisShowController.swift */ = {isa = PBXFileReference; lastKnownFileType = sourcecode.swift; path = InspisShowController.swift; sourceTree = "<group>"; };
		65A8166BF28C5A1201F21DB3 /* Pods-FRUS.release.xcconfig */ = {isa = PBXFileReference; includeInIndex = 1; lastKnownFileType = text.xcconfig; name = "Pods-FRUS.release.xcconfig"; path = "Pods/Target Support Files/Pods-FRUS/Pods-FRUS.release.xcconfig"; sourceTree = "<group>"; };
		798E386A2774FA957EABDE26 /* Pods-FRUS.debug.xcconfig */ = {isa = PBXFileReference; includeInIndex = 1; lastKnownFileType = text.xcconfig; name = "Pods-FRUS.debug.xcconfig"; path = "Pods/Target Support Files/Pods-FRUS/Pods-FRUS.debug.xcconfig"; sourceTree = "<group>"; };
		DFB71139347EB624C5E05D77 /* Pods_FRUS.framework */ = {isa = PBXFileReference; explicitFileType = wrapper.framework; includeInIndex = 0; path = Pods_FRUS.framework; sourceTree = BUILT_PRODUCTS_DIR; };
/* End PBXFileReference section */

/* Begin PBXFrameworksBuildPhase section */
		4D0A71B81ECAE071000AF7B9 /* Frameworks */ = {
			isa = PBXFrameworksBuildPhase;
			buildActionMask = 2147483647;
			files = (
				94E47D6C4F8091D727ABB837 /* Pods_FRUS.framework in Frameworks */,
			);
			runOnlyForDeploymentPostprocessing = 0;
		};
/* End PBXFrameworksBuildPhase section */

/* Begin PBXGroup section */
		4D0A71B21ECAE071000AF7B9 = {
			isa = PBXGroup;
			children = (
				4D0A71BD1ECAE071000AF7B9 /* FRUS */,
				4D0A71BC1ECAE071000AF7B9 /* Products */,
				E8946E61CB538874983CDF47 /* Pods */,
				D58295186865DF48F881678E /* Frameworks */,
			);
			sourceTree = "<group>";
		};
		4D0A71BC1ECAE071000AF7B9 /* Products */ = {
			isa = PBXGroup;
			children = (
				4D0A71BB1ECAE071000AF7B9 /* FRUS.app */,
			);
			name = Products;
			sourceTree = "<group>";
		};
		4D0A71BD1ECAE071000AF7B9 /* FRUS */ = {
			isa = PBXGroup;
			children = (
				4D0A71BE1ECAE071000AF7B9 /* AppDelegate.swift */,
				4D0A71C01ECAE071000AF7B9 /* ViewController.swift */,
				4D0A71C21ECAE071000AF7B9 /* Main.storyboard */,
				4D0D8C931FB5691A009CC46C /* Inspis */,
				4D0A71C51ECAE071000AF7B9 /* Assets.xcassets */,
				4D0A71C71ECAE071000AF7B9 /* LaunchScreen.storyboard */,
				4D0A71CA1ECAE071000AF7B9 /* Info.plist */,
			);
			path = FRUS;
			sourceTree = "<group>";
		};
		4D0D8C931FB5691A009CC46C /* Inspis */ = {
			isa = PBXGroup;
			children = (
				4D0D8C911FB5562D009CC46C /* InspisShowController.swift */,
				4D0D8C8F1FB55617009CC46C /* InspisCreateController.swift */,
			);
			path = Inspis;
			sourceTree = "<group>";
		};
		D58295186865DF48F881678E /* Frameworks */ = {
			isa = PBXGroup;
			children = (
				DFB71139347EB624C5E05D77 /* Pods_FRUS.framework */,
			);
			name = Frameworks;
			sourceTree = "<group>";
		};
		E8946E61CB538874983CDF47 /* Pods */ = {
			isa = PBXGroup;
			children = (
				798E386A2774FA957EABDE26 /* Pods-FRUS.debug.xcconfig */,
				65A8166BF28C5A1201F21DB3 /* Pods-FRUS.release.xcconfig */,
			);
			name = Pods;
			sourceTree = "<group>";
		};
/* End PBXGroup section */

/* Begin PBXNativeTarget section */
		4D0A71BA1ECAE071000AF7B9 /* FRUS */ = {
			isa = PBXNativeTarget;
			buildConfigurationList = 4D0A71CD1ECAE071000AF7B9 /* Build configuration list for PBXNativeTarget "FRUS" */;
			buildPhases = (
				A86EC6F3D4109FEC43AE41CE /* [CP] Check Pods Manifest.lock */,
				4D0A71B71ECAE071000AF7B9 /* Sources */,
				4D0A71B81ECAE071000AF7B9 /* Frameworks */,
				4D0A71B91ECAE071000AF7B9 /* Resources */,
				04485BE1F0E00157C5068384 /* [CP] Embed Pods Frameworks */,
				1F84C71D3F3E68DFD5D49FED /* [CP] Copy Pods Resources */,
			);
			buildRules = (
			);
			dependencies = (
			);
			name = FRUS;
			productName = FRUS;
			productReference = 4D0A71BB1ECAE071000AF7B9 /* FRUS.app */;
			productType = "com.apple.product-type.application";
		};
/* End PBXNativeTarget section */

/* Begin PBXProject section */
		4D0A71B31ECAE071000AF7B9 /* Project object */ = {
			isa = PBXProject;
			attributes = {
				LastSwiftUpdateCheck = 0830;
				LastUpgradeCheck = 0830;
				ORGANIZATIONNAME = "かわゆた";
				TargetAttributes = {
					4D0A71BA1ECAE071000AF7B9 = {
						CreatedOnToolsVersion = 8.3.2;
						ProvisioningStyle = Automatic;
					};
				};
			};
			buildConfigurationList = 4D0A71B61ECAE071000AF7B9 /* Build configuration list for PBXProject "FRUS" */;
			compatibilityVersion = "Xcode 3.2";
			developmentRegion = English;
			hasScannedForEncodings = 0;
			knownRegions = (
				en,
				Base,
			);
			mainGroup = 4D0A71B21ECAE071000AF7B9;
			productRefGroup = 4D0A71BC1ECAE071000AF7B9 /* Products */;
			projectDirPath = "";
			projectRoot = "";
			targets = (
				4D0A71BA1ECAE071000AF7B9 /* FRUS */,
			);
		};
/* End PBXProject section */

/* Begin PBXResourcesBuildPhase section */
		4D0A71B91ECAE071000AF7B9 /* Resources */ = {
			isa = PBXResourcesBuildPhase;
			buildActionMask = 2147483647;
			files = (
				4D0A71C91ECAE071000AF7B9 /* LaunchScreen.storyboard in Resources */,
				4D0A71C61ECAE071000AF7B9 /* Assets.xcassets in Resources */,
				4D0A71C41ECAE071000AF7B9 /* Main.storyboard in Resources */,
			);
			runOnlyForDeploymentPostprocessing = 0;
		};
/* End PBXResourcesBuildPhase section */

/* Begin PBXShellScriptBuildPhase section */
		04485BE1F0E00157C5068384 /* [CP] Embed Pods Frameworks */ = {
			isa = PBXShellScriptBuildPhase;
			buildActionMask = 2147483647;
			files = (
			);
			inputPaths = (
				"${SRCROOT}/Pods/Target Support Files/Pods-FRUS/Pods-FRUS-frameworks.sh",
				"${BUILT_PRODUCTS_DIR}/Alamofire/Alamofire.framework",
				"${BUILT_PRODUCTS_DIR}/SVProgressHUD/SVProgressHUD.framework",
				"${BUILT_PRODUCTS_DIR}/SwiftyJSON/SwiftyJSON.framework",
			);
			name = "[CP] Embed Pods Frameworks";
			outputPaths = (
				"${TARGET_BUILD_DIR}/${FRAMEWORKS_FOLDER_PATH}/Alamofire.framework",
				"${TARGET_BUILD_DIR}/${FRAMEWORKS_FOLDER_PATH}/SVProgressHUD.framework",
				"${TARGET_BUILD_DIR}/${FRAMEWORKS_FOLDER_PATH}/SwiftyJSON.framework",
			);
			runOnlyForDeploymentPostprocessing = 0;
			shellPath = /bin/sh;
			shellScript = "\"${SRCROOT}/Pods/Target Support Files/Pods-FRUS/Pods-FRUS-frameworks.sh\"\n";
			showEnvVarsInLog = 0;
		};
		1F84C71D3F3E68DFD5D49FED /* [CP] Copy Pods Resources */ = {
			isa = PBXShellScriptBuildPhase;
			buildActionMask = 2147483647;
			files = (
			);
			inputPaths = (
			);
			name = "[CP] Copy Pods Resources";
			outputPaths = (
			);
			runOnlyForDeploymentPostprocessing = 0;
			shellPath = /bin/sh;
			shellScript = "\"${SRCROOT}/Pods/Target Support Files/Pods-FRUS/Pods-FRUS-resources.sh\"\n";
			showEnvVarsInLog = 0;
		};
		A86EC6F3D4109FEC43AE41CE /* [CP] Check Pods Manifest.lock */ = {
			isa = PBXShellScriptBuildPhase;
			buildActionMask = 2147483647;
			files = (
			);
			inputPaths = (
				"${PODS_PODFILE_DIR_PATH}/Podfile.lock",
				"${PODS_ROOT}/Manifest.lock",
			);
			name = "[CP] Check Pods Manifest.lock";
			outputPaths = (
				"$(DERIVED_FILE_DIR)/Pods-FRUS-checkManifestLockResult.txt",
			);
			runOnlyForDeploymentPostprocessing = 0;
			shellPath = /bin/sh;
			shellScript = "diff \"${PODS_PODFILE_DIR_PATH}/Podfile.lock\" \"${PODS_ROOT}/Manifest.lock\" > /dev/null\nif [ $? != 0 ] ; then\n    # print error to STDERR\n    echo \"error: The sandbox is not in sync with the Podfile.lock. Run 'pod install' or update your CocoaPods installation.\" >&2\n    exit 1\nfi\n# This output is used by Xcode 'outputs' to avoid re-running this script phase.\necho \"SUCCESS\" > \"${SCRIPT_OUTPUT_FILE_0}\"\n";
			showEnvVarsInLog = 0;
		};
/* End PBXShellScriptBuildPhase section */

/* Begin PBXSourcesBuildPhase section */
		4D0A71B71ECAE071000AF7B9 /* Sources */ = {
			isa = PBXSourcesBuildPhase;
			buildActionMask = 2147483647;
			files = (
				4D0D8C921FB5562D009CC46C /* InspisShowController.swift in Sources */,
				4D0A71C11ECAE071000AF7B9 /* ViewController.swift in Sources */,
				4D0A71BF1ECAE071000AF7B9 /* AppDelegate.swift in Sources */,
				4D0D8C901FB55617009CC46C /* InspisCreateController.swift in Sources */,
			);
			runOnlyForDeploymentPostprocessing = 0;
		};
/* End PBXSourcesBuildPhase section */

/* Begin PBXVariantGroup section */
		4D0A71C21ECAE071000AF7B9 /* Main.storyboard */ = {
			isa = PBXVariantGroup;
			children = (
				4D0A71C31ECAE071000AF7B9 /* Base */,
			);
			name = Main.storyboard;
			sourceTree = "<group>";
		};
		4D0A71C71ECAE071000AF7B9 /* LaunchScreen.storyboard */ = {
			isa = PBXVariantGroup;
			children = (
				4D0A71C81ECAE071000AF7B9 /* Base */,
			);
			name = LaunchScreen.storyboard;
			sourceTree = "<group>";
		};
/* End PBXVariantGroup section */

/* Begin XCBuildConfiguration section */
		4D0A71CB1ECAE071000AF7B9 /* Debug */ = {
			isa = XCBuildConfiguration;
			buildSettings = {
				ALWAYS_SEARCH_USER_PATHS = NO;
				CLANG_ANALYZER_NONNULL = YES;
				CLANG_ANALYZER_NUMBER_OBJECT_CONVERSION = YES_AGGRESSIVE;
				CLANG_CXX_LANGUAGE_STANDARD = "gnu++0x";
				CLANG_CXX_LIBRARY = "libc++";
				CLANG_ENABLE_MODULES = YES;
				CLANG_ENABLE_OBJC_ARC = YES;
				CLANG_WARN_BOOL_CONVERSION = YES;
				CLANG_WARN_CONSTANT_CONVERSION = YES;
				CLANG_WARN_DIRECT_OBJC_ISA_USAGE = YES_ERROR;
				CLANG_WARN_DOCUMENTATION_COMMENTS = YES;
				CLANG_WARN_EMPTY_BODY = YES;
				CLANG_WARN_ENUM_CONVERSION = YES;
				CLANG_WARN_INFINITE_RECURSION = YES;
				CLANG_WARN_INT_CONVERSION = YES;
				CLANG_WARN_OBJC_ROOT_CLASS = YES_ERROR;
				CLANG_WARN_SUSPICIOUS_MOVE = YES;
				CLANG_WARN_UNREACHABLE_CODE = YES;
				CLANG_WARN__DUPLICATE_METHOD_MATCH = YES;
				"CODE_SIGN_IDENTITY[sdk=iphoneos*]" = "iPhone Developer";
				COPY_PHASE_STRIP = NO;
				DEBUG_INFORMATION_FORMAT = dwarf;
				ENABLE_STRICT_OBJC_MSGSEND = YES;
				ENABLE_TESTABILITY = YES;
				GCC_C_LANGUAGE_STANDARD = gnu99;
				GCC_DYNAMIC_NO_PIC = NO;
				GCC_NO_COMMON_BLOCKS = YES;
				GCC_OPTIMIZATION_LEVEL = 0;
				GCC_PREPROCESSOR_DEFINITIONS = (
					"DEBUG=1",
					"$(inherited)",
				);
				GCC_WARN_64_TO_32_BIT_CONVERSION = YES;
				GCC_WARN_ABOUT_RETURN_TYPE = YES_ERROR;
				GCC_WARN_UNDECLARED_SELECTOR = YES;
				GCC_WARN_UNINITIALIZED_AUTOS = YES_AGGRESSIVE;
				GCC_WARN_UNUSED_FUNCTION = YES;
				GCC_WARN_UNUSED_VARIABLE = YES;
				IPHONEOS_DEPLOYMENT_TARGET = 10.3;
				MTL_ENABLE_DEBUG_INFO = YES;
				ONLY_ACTIVE_ARCH = YES;
				SDKROOT = iphoneos;
				SWIFT_ACTIVE_COMPILATION_CONDITIONS = DEBUG;
				SWIFT_OPTIMIZATION_LEVEL = "-Onone";
			};
			name = Debug;
		};
		4D0A71CC1ECAE071000AF7B9 /* Release */ = {
			isa = XCBuildConfiguration;
			buildSettings = {
				ALWAYS_SEARCH_USER_PATHS = NO;
				CLANG_ANALYZER_NONNULL = YES;
				CLANG_ANALYZER_NUMBER_OBJECT_CONVERSION = YES_AGGRESSIVE;
				CLANG_CXX_LANGUAGE_STANDARD = "gnu++0x";
				CLANG_CXX_LIBRARY = "libc++";
				CLANG_ENABLE_MODULES = YES;
				CLANG_ENABLE_OBJC_ARC = YES;
				CLANG_WARN_BOOL_CONVERSION = YES;
				CLANG_WARN_CONSTANT_CONVERSION = YES;
				CLANG_WARN_DIRECT_OBJC_ISA_USAGE = YES_ERROR;
				CLANG_WARN_DOCUMENTATION_COMMENTS = YES;
				CLANG_WARN_EMPTY_BODY = YES;
				CLANG_WARN_ENUM_CONVERSION = YES;
				CLANG_WARN_INFINITE_RECURSION = YES;
				CLANG_WARN_INT_CONVERSION = YES;
				CLANG_WARN_OBJC_ROOT_CLASS = YES_ERROR;
				CLANG_WARN_SUSPICIOUS_MOVE = YES;
				CLANG_WARN_UNREACHABLE_CODE = YES;
				CLANG_WARN__DUPLICATE_METHOD_MATCH = YES;
				"CODE_SIGN_IDENTITY[sdk=iphoneos*]" = "iPhone Developer";
				COPY_PHASE_STRIP = NO;
				DEBUG_INFORMATION_FORMAT = "dwarf-with-dsym";
				ENABLE_NS_ASSERTIONS = NO;
				ENABLE_STRICT_OBJC_MSGSEND = YES;
				GCC_C_LANGUAGE_STANDARD = gnu99;
				GCC_NO_COMMON_BLOCKS = YES;
				GCC_WARN_64_TO_32_BIT_CONVERSION = YES;
				GCC_WARN_ABOUT_RETURN_TYPE = YES_ERROR;
				GCC_WARN_UNDECLARED_SELECTOR = YES;
				GCC_WARN_UNINITIALIZED_AUTOS = YES_AGGRESSIVE;
				GCC_WARN_UNUSED_FUNCTION = YES;
				GCC_WARN_UNUSED_VARIABLE = YES;
				IPHONEOS_DEPLOYMENT_TARGET = 10.3;
				MTL_ENABLE_DEBUG_INFO = NO;
				SDKROOT = iphoneos;
				SWIFT_OPTIMIZATION_LEVEL = "-Owholemodule";
				VALIDATE_PRODUCT = YES;
			};
			name = Release;
		};
		4D0A71CE1ECAE071000AF7B9 /* Debug */ = {
			isa = XCBuildConfiguration;
			baseConfigurationReference = 798E386A2774FA957EABDE26 /* Pods-FRUS.debug.xcconfig */;
			buildSettings = {
				ASSETCATALOG_COMPILER_APPICON_NAME = AppIcon;
				INFOPLIST_FILE = FRUS/Info.plist;
				LD_RUNPATH_SEARCH_PATHS = "$(inherited) @executable_path/Frameworks";
				PRODUCT_BUNDLE_IDENTIFIER = kawayuta.FRUS;
				PRODUCT_NAME = "$(TARGET_NAME)";
				SWIFT_VERSION = 3.0;
			};
			name = Debug;
		};
		4D0A71CF1ECAE071000AF7B9 /* Release */ = {
			isa = XCBuildConfiguration;
			baseConfigurationReference = 65A8166BF28C5A1201F21DB3 /* Pods-FRUS.release.xcconfig */;
			buildSettings = {
				ASSETCATALOG_COMPILER_APPICON_NAME = AppIcon;
				INFOPLIST_FILE = FRUS/Info.plist;
				LD_RUNPATH_SEARCH_PATHS = "$(inherited) @executable_path/Frameworks";
				PRODUCT_BUNDLE_IDENTIFIER = kawayuta.FRUS;
				PRODUCT_NAME = "$(TARGET_NAME)";
				SWIFT_VERSION = 3.0;
			};
			name = Release;
		};
/* End XCBuildConfiguration section */

/* Begin XCConfigurationList section */
		4D0A71B61ECAE071000AF7B9 /* Build configuration list for PBXProject "FRUS" */ = {
			isa = XCConfigurationList;
			buildConfigurations = (
				4D0A71CB1ECAE071000AF7B9 /* Debug */,
				4D0A71CC1ECAE071000AF7B9 /* Release */,
			);
			defaultConfigurationIsVisible = 0;
			defaultConfigurationName = Release;
		};
		4D0A71CD1ECAE071000AF7B9 /* Build configuration list for PBXNativeTarget "FRUS" */ = {
			isa = XCConfigurationList;
			buildConfigurations = (
				4D0A71CE1ECAE071000AF7B9 /* Debug */,
				4D0A71CF1ECAE071000AF7B9 /* Release */,
			);
			defaultConfigurationIsVisible = 0;
			defaultConfigurationName = Release;
		};
/* End XCConfigurationList section */
	};
	rootObject = 4D0A71B31ECAE071000AF7B9 /* Project object */;
}
